
Microsoft Visual Studio Solution File, Format Version 12.00
# Visual Studio 15
Project("{FAE04EC0-301F-11D3-BF4B-00C04F79EFBC}") = "Firesplash.UnityAssets.SocketIO", "Firesplash.UnityAssets.SocketIO.csproj", "{BE6A59DC-E589-014A-B8FB-CF914BE1FDB6}"
EndProject
Project("{FAE04EC0-301F-11D3-BF4B-00C04F79EFBC}") = "Assembly-CSharp", "Assembly-CSharp.csproj", "{53980AC9-DE55-128F-D81F-123BE7A65396}"
EndProject
Project("{FAE04EC0-301F-11D3-BF4B-00C04F79EFBC}") = "Assembly-CSharp-Editor", "Assembly-CSharp-Editor.csproj", "{E0C5E5F1-0736-8F6E-B702-51871897A69F}"
EndProject
Global
	GlobalSection(SolutionConfigurationPlatforms) = preSolution
		Debug|Any CPU = Debug|Any CPU
		Release|Any CPU = Release|Any CPU
	EndGlobalSection
	GlobalSection(ProjectConfigurationPlatforms) = postSolution
		{BE6A59DC-E589-014A-B8FB-CF914BE1FDB6}.Debug|Any CPU.ActiveCfg = Debug|Any CPU
		{BE6A59DC-E589-014A-B8FB-CF914BE1FDB6}.Debug|Any CPU.Build.0 = Debug|Any CPU
		{BE6A59DC-E589-014A-B8FB-CF914BE1FDB6}.Release|Any CPU.ActiveCfg = Release|Any CPU
		{BE6A59DC-E589-014A-B8FB-CF914BE1FDB6}.Release|Any CPU.Build.0 = Release|Any CPU
		{53980AC9-DE55-128F-D81F-123BE7A65396}.Debug|Any CPU.ActiveCfg = Debug|Any CPU
		{53980AC9-DE55-128F-D81F-123BE7A65396}.Debug|Any CPU.Build.0 = Debug|Any CPU
		{53980AC9-DE55-128F-D81F-123BE7A65396}.Release|Any CPU.ActiveCfg = Release|Any CPU
		{53980AC9-DE55-128F-D81F-123BE7A65396}.Release|Any CPU.Build.0 = Release|Any CPU
		{E0C5E5F1-0736-8F6E-B702-51871897A69F}.Debug|Any CPU.ActiveCfg = Debug|Any CPU
		{E0C5E5F1-0736-8F6E-B702-51871897A69F}.Debug|Any CPU.Build.0 = Debug|Any CPU
		{E0C5E5F1-0736-8F6E-B702-51871897A69F}.Release|Any CPU.ActiveCfg = Release|Any CPU
		{E0C5E5F1-0736-8F6E-B702-51871897A69F}.Release|Any CPU.Build.0 = Release|Any CPU
	EndGlobalSection
	GlobalSection(SolutionProperties) = preSolution
		HideSolutionNode = FALSE
	EndGlobalSection
EndGlobal
